
Microsoft Visual Studio Solution File, Format Version 12.00
# Visual Studio Version 17
VisualStudioVersion = 17.1.32407.343
MinimumVisualStudioVersion = 10.0.40219.1
Project("{FAE04EC0-301F-11D3-BF4B-00C04F79EFBC}") = "MyMusic1", "MyMusic1\MyMusic1.csproj", "{C03852CF-1AD1-485E-A81F-BF4177FCCBEF}"
EndProject
Global
	GlobalSection(SolutionConfigurationPlatforms) = preSolution
		Debug|Any CPU = Debug|Any CPU
		Release|Any CPU = Release|Any CPU
	EndGlobalSection
	GlobalSection(ProjectConfigurationPlatforms) = postSolution
		{C03852CF-1AD1-485E-A81F-BF4177FCCBEF}.Debug|Any CPU.ActiveCfg = Debug|Any CPU
		{C03852CF-1AD1-485E-A81F-BF4177FCCBEF}.Debug|Any CPU.Build.0 = Debug|Any CPU
		{C03852CF-1AD1-485E-A81F-BF4177FCCBEF}.Release|Any CPU.ActiveCfg = Release|Any CPU
		{C03852CF-1AD1-485E-A81F-BF4177FCCBEF}.Release|Any CPU.Build.0 = Release|Any CPU
	EndGlobalSection
	GlobalSection(SolutionProperties) = preSolution
		HideSolutionNode = FALSE
	EndGlobalSection
	GlobalSection(ExtensibilityGlobals) = postSolution
		SolutionGuid = {A74E84EE-D40A-4FB3-8CDB-44BD7684EF7D}
	EndGlobalSection
EndGlobal
